
Microsoft Visual Studio Solution File, Format Version 12.00
# Visual Studio Version 17
VisualStudioVersion = 17.0.31521.260
MinimumVisualStudioVersion = 10.0.40219.1
Project("{9A19103F-16F7-4668-BE54-9A1E7A4F7556}") = "Kelson.Common.Route", "Kelson.Common.Route\Kelson.Common.Route.csproj", "{78105F59-2856-4CDA-AA29-7B9DA02D051B}"
EndProject
Project("{9A19103F-16F7-4668-BE54-9A1E7A4F7556}") = "BasicConsoleApp", "Demo\BasicConsoleApp\BasicConsoleApp.csproj", "{3F232A0E-CB15-4DDC-B1C5-BD4C0DCBC5C2}"
EndProject
Project("{9A19103F-16F7-4668-BE54-9A1E7A4F7556}") = "Kelson.Common.DataStructures", "Kelson.Common.DataStructures\Kelson.Common.DataStructures.csproj", "{8ACAC6C5-CD17-45D5-B510-F2BCA97B1D53}"
EndProject
Project("{9A19103F-16F7-4668-BE54-9A1E7A4F7556}") = "VectorScratchpad", "Demo\VectorScratchpad\VectorScratchpad.csproj", "{9743A082-E4F0-44D1-8080-96155C300258}"
EndProject
Project("{2150E333-8FDC-42A3-9474-1A3956D46DE8}") = "Demos", "Demos", "{C64E5724-C172-4F91-BE6D-0B2FFA77367A}"
EndProject
Project("{9A19103F-16F7-4668-BE54-9A1E7A4F7556}") = "Kelson.Common.Route.Web", "Kelson.Common.Route.Web\Kelson.Common.Route.Web.csproj", "{B46F37F2-D1F0-4661-8E00-F3D73B90C5C9}"
EndProject
Project("{2150E333-8FDC-42A3-9474-1A3956D46DE8}") = "Tests", "Tests", "{26A87A50-E97F-469A-B122-1712A2774B9E}"
EndProject
Project("{9A19103F-16F7-4668-BE54-9A1E7A4F7556}") = "Kelson.Common.DataStructures.Tests", "Tests\Kelson.Common.DataStructures.Tests\Kelson.Common.DataStructures.Tests.csproj", "{DB520433-9927-47F7-91B0-E54CD1B9B90B}"
EndProject
Project("{9A19103F-16F7-4668-BE54-9A1E7A4F7556}") = "DatastructureScratchpad", "Demo\DatastructureScratchpad\DatastructureScratchpad.csproj", "{7F97ABDC-1C8C-479A-985C-C30A73194D16}"
EndProject
Project("{9A19103F-16F7-4668-BE54-9A1E7A4F7556}") = "Kelson.d3iflib", "Kelson.d3iflib\Kelson.d3iflib.csproj", "{AA99A66C-E9B5-4778-969D-5FD4E6256DCC}"
EndProject
Project("{9A19103F-16F7-4668-BE54-9A1E7A4F7556}") = "Kelson.d3iflib.Tests", "Tests\Kelson.d3iflib.Tests\Kelson.d3iflib.Tests.csproj", "{BDC3264D-6BB1-448E-9B1C-73500084D840}"
EndProject
Project("{9A19103F-16F7-4668-BE54-9A1E7A4F7556}") = "Kelson.d3iflib.ManualTest", "Demo\Kelson.d3iflib.ManualTest\Kelson.d3iflib.ManualTest.csproj", "{A192CE52-9A74-4BC8-9E2B-62E32BC9CF35}"
EndProject
Project("{9A19103F-16F7-4668-BE54-9A1E7A4F7556}") = "RoutingDemo_CliArgs", "Demo\RoutingDemo_CliArgs\RoutingDemo_CliArgs.csproj", "{B035414E-0E05-477F-ADC8-BDF3A1D30AD9}"
EndProject
Project("{9A19103F-16F7-4668-BE54-9A1E7A4F7556}") = "WebRoutingDemo", "Demo\WebRoutingDemo\WebRoutingDemo.csproj", "{E934F7E7-F040-4310-95FD-85632D883303}"
EndProject
Project("{9A19103F-16F7-4668-BE54-9A1E7A4F7556}") = "Kelson.Common.Postgres", "Kelson.Common.Postgres\Kelson.Common.Postgres.csproj", "{7F4D99C3-1027-44AF-B645-9D90D56A81D0}"
EndProject
Project("{9A19103F-16F7-4668-BE54-9A1E7A4F7556}") = "Kelson.Common.Memory", "Kelson.Common.Memory\Kelson.Common.Memory.csproj", "{31C2BE55-8F26-4232-86DB-83B64C146E21}"
EndProject
Project("{9A19103F-16F7-4668-BE54-9A1E7A4F7556}") = "MemoryDemo", "Demo\MemoryDemo\MemoryDemo.csproj", "{0E9BC5D9-355B-4E47-8EFB-EA2B3D9B1C93}"
EndProject
Project("{9A19103F-16F7-4668-BE54-9A1E7A4F7556}") = "Kelson.Common.Postgres.Generators", "Kelson.Common.Postgres.Generators\Kelson.Common.Postgres.Generators.csproj", "{E0DC7A64-A5FC-4D73-87A4-95513F1DE249}"
EndProject
Project("{9A19103F-16F7-4668-BE54-9A1E7A4F7556}") = "Kelson.Common.Postgres.Generators.Demo", "Demo\Kelson.Common.Postgres.Generators.Demo\Kelson.Common.Postgres.Generators.Demo.csproj", "{C966AE98-F4EA-4672-8271-B153125CCB9C}"
EndProject
Project("{9A19103F-16F7-4668-BE54-9A1E7A4F7556}") = "Kelson.Common.Postgres.Tests", "Tests\Kelson.Common.Postgres.Tests\Kelson.Common.Postgres.Tests.csproj", "{9033A211-118B-46DC-A1F9-112487C2ACF7}"
EndProject
Project("{FAE04EC0-301F-11D3-BF4B-00C04F79EFBC}") = "Kelson.Common.Generators", "Kelson.Common.Generators\Kelson.Common.Generators.csproj", "{8354B679-19C5-4FF7-A65E-6BE675B616AE}"
EndProject
Global
	GlobalSection(SolutionConfigurationPlatforms) = preSolution
		Debug|Any CPU = Debug|Any CPU
		Debug|x64 = Debug|x64
		Debug|x86 = Debug|x86
		Release|Any CPU = Release|Any CPU
		Release|x64 = Release|x64
		Release|x86 = Release|x86
	EndGlobalSection
	GlobalSection(ProjectConfigurationPlatforms) = postSolution
		{78105F59-2856-4CDA-AA29-7B9DA02D051B}.Debug|Any CPU.ActiveCfg = Debug|Any CPU
		{78105F59-2856-4CDA-AA29-7B9DA02D051B}.Debug|Any CPU.Build.0 = Debug|Any CPU
		{78105F59-2856-4CDA-AA29-7B9DA02D051B}.Debug|x64.ActiveCfg = Debug|Any CPU
		{78105F59-2856-4CDA-AA29-7B9DA02D051B}.Debug|x64.Build.0 = Debug|Any CPU
		{78105F59-2856-4CDA-AA29-7B9DA02D051B}.Debug|x86.ActiveCfg = Debug|Any CPU
		{78105F59-2856-4CDA-AA29-7B9DA02D051B}.Debug|x86.Build.0 = Debug|Any CPU
		{78105F59-2856-4CDA-AA29-7B9DA02D051B}.Release|Any CPU.ActiveCfg = Release|Any CPU
		{78105F59-2856-4CDA-AA29-7B9DA02D051B}.Release|Any CPU.Build.0 = Release|Any CPU
		{78105F59-2856-4CDA-AA29-7B9DA02D051B}.Release|x64.ActiveCfg = Release|Any CPU
		{78105F59-2856-4CDA-AA29-7B9DA02D051B}.Release|x64.Build.0 = Release|Any CPU
		{78105F59-2856-4CDA-AA29-7B9DA02D051B}.Release|x86.ActiveCfg = Release|Any CPU
		{78105F59-2856-4CDA-AA29-7B9DA02D051B}.Release|x86.Build.0 = Release|Any CPU
		{3F232A0E-CB15-4DDC-B1C5-BD4C0DCBC5C2}.Debug|Any CPU.ActiveCfg = Debug|Any CPU
		{3F232A0E-CB15-4DDC-B1C5-BD4C0DCBC5C2}.Debug|Any CPU.Build.0 = Debug|Any CPU
		{3F232A0E-CB15-4DDC-B1C5-BD4C0DCBC5C2}.Debug|x64.ActiveCfg = X64|Any CPU
		{3F232A0E-CB15-4DDC-B1C5-BD4C0DCBC5C2}.Debug|x64.Build.0 = X64|Any CPU
		{3F232A0E-CB15-4DDC-B1C5-BD4C0DCBC5C2}.Debug|x86.ActiveCfg = Debug|Any CPU
		{3F232A0E-CB15-4DDC-B1C5-BD4C0DCBC5C2}.Debug|x86.Build.0 = Debug|Any CPU
		{3F232A0E-CB15-4DDC-B1C5-BD4C0DCBC5C2}.Release|Any CPU.ActiveCfg = Release|Any CPU
		{3F232A0E-CB15-4DDC-B1C5-BD4C0DCBC5C2}.Release|Any CPU.Build.0 = Release|Any CPU
		{3F232A0E-CB15-4DDC-B1C5-BD4C0DCBC5C2}.Release|x64.ActiveCfg = Release|Any CPU
		{3F232A0E-CB15-4DDC-B1C5-BD4C0DCBC5C2}.Release|x64.Build.0 = Release|Any CPU
		{3F232A0E-CB15-4DDC-B1C5-BD4C0DCBC5C2}.Release|x86.ActiveCfg = Release|Any CPU
		{3F232A0E-CB15-4DDC-B1C5-BD4C0DCBC5C2}.Release|x86.Build.0 = Release|Any CPU
		{8ACAC6C5-CD17-45D5-B510-F2BCA97B1D53}.Debug|Any CPU.ActiveCfg = Debug|Any CPU
		{8ACAC6C5-CD17-45D5-B510-F2BCA97B1D53}.Debug|Any CPU.Build.0 = Debug|Any CPU
		{8ACAC6C5-CD17-45D5-B510-F2BCA97B1D53}.Debug|x64.ActiveCfg = Debug|Any CPU
		{8ACAC6C5-CD17-45D5-B510-F2BCA97B1D53}.Debug|x64.Build.0 = Debug|Any CPU
		{8ACAC6C5-CD17-45D5-B510-F2BCA97B1D53}.Debug|x86.ActiveCfg = Debug|x64
		{8ACAC6C5-CD17-45D5-B510-F2BCA97B1D53}.Debug|x86.Build.0 = Debug|x64
		{8ACAC6C5-CD17-45D5-B510-F2BCA97B1D53}.Release|Any CPU.ActiveCfg = Release|Any CPU
		{8ACAC6C5-CD17-45D5-B510-F2BCA97B1D53}.Release|Any CPU.Build.0 = Release|Any CPU
		{8ACAC6C5-CD17-45D5-B510-F2BCA97B1D53}.Release|x64.ActiveCfg = Release|x64
		{8ACAC6C5-CD17-45D5-B510-F2BCA97B1D53}.Release|x64.Build.0 = Release|x64
		{8ACAC6C5-CD17-45D5-B510-F2BCA97B1D53}.Release|x86.ActiveCfg = Release|x86
		{8ACAC6C5-CD17-45D5-B510-F2BCA97B1D53}.Release|x86.Build.0 = Release|x86
		{9743A082-E4F0-44D1-8080-96155C300258}.Debug|Any CPU.ActiveCfg = Debug|Any CPU
		{9743A082-E4F0-44D1-8080-96155C300258}.Debug|Any CPU.Build.0 = Debug|Any CPU
		{9743A082-E4F0-44D1-8080-96155C300258}.Debug|x64.ActiveCfg = Debug|Any CPU
		{9743A082-E4F0-44D1-8080-96155C300258}.Debug|x64.Build.0 = Debug|Any CPU
		{9743A082-E4F0-44D1-8080-96155C300258}.Debug|x86.ActiveCfg = Debug|Any CPU
		{9743A082-E4F0-44D1-8080-96155C300258}.Debug|x86.Build.0 = Debug|Any CPU
		{9743A082-E4F0-44D1-8080-96155C300258}.Release|Any CPU.ActiveCfg = Release|Any CPU
		{9743A082-E4F0-44D1-8080-96155C300258}.Release|Any CPU.Build.0 = Release|Any CPU
		{9743A082-E4F0-44D1-8080-96155C300258}.Release|x64.ActiveCfg = Release|Any CPU
		{9743A082-E4F0-44D1-8080-96155C300258}.Release|x64.Build.0 = Release|Any CPU
		{9743A082-E4F0-44D1-8080-96155C300258}.Release|x86.ActiveCfg = Release|Any CPU
		{9743A082-E4F0-44D1-8080-96155C300258}.Release|x86.Build.0 = Release|Any CPU
		{B46F37F2-D1F0-4661-8E00-F3D73B90C5C9}.Debug|Any CPU.ActiveCfg = Debug|Any CPU
		{B46F37F2-D1F0-4661-8E00-F3D73B90C5C9}.Debug|Any CPU.Build.0 = Debug|Any CPU
		{B46F37F2-D1F0-4661-8E00-F3D73B90C5C9}.Debug|x64.ActiveCfg = Debug|Any CPU
		{B46F37F2-D1F0-4661-8E00-F3D73B90C5C9}.Debug|x64.Build.0 = Debug|Any CPU
		{B46F37F2-D1F0-4661-8E00-F3D73B90C5C9}.Debug|x86.ActiveCfg = Debug|Any CPU
		{B46F37F2-D1F0-4661-8E00-F3D73B90C5C9}.Debug|x86.Build.0 = Debug|Any CPU
		{B46F37F2-D1F0-4661-8E00-F3D73B90C5C9}.Release|Any CPU.ActiveCfg = Release|Any CPU
		{B46F37F2-D1F0-4661-8E00-F3D73B90C5C9}.Release|Any CPU.Build.0 = Release|Any CPU
		{B46F37F2-D1F0-4661-8E00-F3D73B90C5C9}.Release|x64.ActiveCfg = Release|Any CPU
		{B46F37F2-D1F0-4661-8E00-F3D73B90C5C9}.Release|x64.Build.0 = Release|Any CPU
		{B46F37F2-D1F0-4661-8E00-F3D73B90C5C9}.Release|x86.ActiveCfg = Release|Any CPU
		{B46F37F2-D1F0-4661-8E00-F3D73B90C5C9}.Release|x86.Build.0 = Release|Any CPU
		{DB520433-9927-47F7-91B0-E54CD1B9B90B}.Debug|Any CPU.ActiveCfg = Debug|Any CPU
		{DB520433-9927-47F7-91B0-E54CD1B9B90B}.Debug|Any CPU.Build.0 = Debug|Any CPU
		{DB520433-9927-47F7-91B0-E54CD1B9B90B}.Debug|x64.ActiveCfg = Debug|Any CPU
		{DB520433-9927-47F7-91B0-E54CD1B9B90B}.Debug|x64.Build.0 = Debug|Any CPU
		{DB520433-9927-47F7-91B0-E54CD1B9B90B}.Debug|x86.ActiveCfg = Debug|Any CPU
		{DB520433-9927-47F7-91B0-E54CD1B9B90B}.Debug|x86.Build.0 = Debug|Any CPU
		{DB520433-9927-47F7-91B0-E54CD1B9B90B}.Release|Any CPU.ActiveCfg = Release|Any CPU
		{DB520433-9927-47F7-91B0-E54CD1B9B90B}.Release|Any CPU.Build.0 = Release|Any CPU
		{DB520433-9927-47F7-91B0-E54CD1B9B90B}.Release|x64.ActiveCfg = Release|Any CPU
		{DB520433-9927-47F7-91B0-E54CD1B9B90B}.Release|x64.Build.0 = Release|Any CPU
		{DB520433-9927-47F7-91B0-E54CD1B9B90B}.Release|x86.ActiveCfg = Release|Any CPU
		{DB520433-9927-47F7-91B0-E54CD1B9B90B}.Release|x86.Build.0 = Release|Any CPU
		{7F97ABDC-1C8C-479A-985C-C30A73194D16}.Debug|Any CPU.ActiveCfg = Debug|Any CPU
		{7F97ABDC-1C8C-479A-985C-C30A73194D16}.Debug|Any CPU.Build.0 = Debug|Any CPU
		{7F97ABDC-1C8C-479A-985C-C30A73194D16}.Debug|x64.ActiveCfg = Debug|Any CPU
		{7F97ABDC-1C8C-479A-985C-C30A73194D16}.Debug|x64.Build.0 = Debug|Any CPU
		{7F97ABDC-1C8C-479A-985C-C30A73194D16}.Debug|x86.ActiveCfg = Debug|Any CPU
		{7F97ABDC-1C8C-479A-985C-C30A73194D16}.Debug|x86.Build.0 = Debug|Any CPU
		{7F97ABDC-1C8C-479A-985C-C30A73194D16}.Release|Any CPU.ActiveCfg = Release|Any CPU
		{7F97ABDC-1C8C-479A-985C-C30A73194D16}.Release|Any CPU.Build.0 = Release|Any CPU
		{7F97ABDC-1C8C-479A-985C-C30A73194D16}.Release|x64.ActiveCfg = Release|Any CPU
		{7F97ABDC-1C8C-479A-985C-C30A73194D16}.Release|x64.Build.0 = Release|Any CPU
		{7F97ABDC-1C8C-479A-985C-C30A73194D16}.Release|x86.ActiveCfg = Release|Any CPU
		{7F97ABDC-1C8C-479A-985C-C30A73194D16}.Release|x86.Build.0 = Release|Any CPU
		{AA99A66C-E9B5-4778-969D-5FD4E6256DCC}.Debug|Any CPU.ActiveCfg = Debug|Any CPU
		{AA99A66C-E9B5-4778-969D-5FD4E6256DCC}.Debug|Any CPU.Build.0 = Debug|Any CPU
		{AA99A66C-E9B5-4778-969D-5FD4E6256DCC}.Debug|x64.ActiveCfg = Debug|Any CPU
		{AA99A66C-E9B5-4778-969D-5FD4E6256DCC}.Debug|x64.Build.0 = Debug|Any CPU
		{AA99A66C-E9B5-4778-969D-5FD4E6256DCC}.Debug|x86.ActiveCfg = Debug|Any CPU
		{AA99A66C-E9B5-4778-969D-5FD4E6256DCC}.Debug|x86.Build.0 = Debug|Any CPU
		{AA99A66C-E9B5-4778-969D-5FD4E6256DCC}.Release|Any CPU.ActiveCfg = Release|Any CPU
		{AA99A66C-E9B5-4778-969D-5FD4E6256DCC}.Release|Any CPU.Build.0 = Release|Any CPU
		{AA99A66C-E9B5-4778-969D-5FD4E6256DCC}.Release|x64.ActiveCfg = Release|Any CPU
		{AA99A66C-E9B5-4778-969D-5FD4E6256DCC}.Release|x64.Build.0 = Release|Any CPU
		{AA99A66C-E9B5-4778-969D-5FD4E6256DCC}.Release|x86.ActiveCfg = Release|Any CPU
		{AA99A66C-E9B5-4778-969D-5FD4E6256DCC}.Release|x86.Build.0 = Release|Any CPU
		{BDC3264D-6BB1-448E-9B1C-73500084D840}.Debug|Any CPU.ActiveCfg = Debug|Any CPU
		{BDC3264D-6BB1-448E-9B1C-73500084D840}.Debug|Any CPU.Build.0 = Debug|Any CPU
		{BDC3264D-6BB1-448E-9B1C-73500084D840}.Debug|x64.ActiveCfg = Debug|Any CPU
		{BDC3264D-6BB1-448E-9B1C-73500084D840}.Debug|x64.Build.0 = Debug|Any CPU
		{BDC3264D-6BB1-448E-9B1C-73500084D840}.Debug|x86.ActiveCfg = Debug|Any CPU
		{BDC3264D-6BB1-448E-9B1C-73500084D840}.Debug|x86.Build.0 = Debug|Any CPU
		{BDC3264D-6BB1-448E-9B1C-73500084D840}.Release|Any CPU.ActiveCfg = Release|Any CPU
		{BDC3264D-6BB1-448E-9B1C-73500084D840}.Release|Any CPU.Build.0 = Release|Any CPU
		{BDC3264D-6BB1-448E-9B1C-73500084D840}.Release|x64.ActiveCfg = Release|Any CPU
		{BDC3264D-6BB1-448E-9B1C-73500084D840}.Release|x64.Build.0 = Release|Any CPU
		{BDC3264D-6BB1-448E-9B1C-73500084D840}.Release|x86.ActiveCfg = Release|Any CPU
		{BDC3264D-6BB1-448E-9B1C-73500084D840}.Release|x86.Build.0 = Release|Any CPU
		{A192CE52-9A74-4BC8-9E2B-62E32BC9CF35}.Debug|Any CPU.ActiveCfg = Debug|Any CPU
		{A192CE52-9A74-4BC8-9E2B-62E32BC9CF35}.Debug|Any CPU.Build.0 = Debug|Any CPU
		{A192CE52-9A74-4BC8-9E2B-62E32BC9CF35}.Debug|x64.ActiveCfg = Debug|Any CPU
		{A192CE52-9A74-4BC8-9E2B-62E32BC9CF35}.Debug|x64.Build.0 = Debug|Any CPU
		{A192CE52-9A74-4BC8-9E2B-62E32BC9CF35}.Debug|x86.ActiveCfg = Debug|Any CPU
		{A192CE52-9A74-4BC8-9E2B-62E32BC9CF35}.Debug|x86.Build.0 = Debug|Any CPU
		{A192CE52-9A74-4BC8-9E2B-62E32BC9CF35}.Release|Any CPU.ActiveCfg = Release|Any CPU
		{A192CE52-9A74-4BC8-9E2B-62E32BC9CF35}.Release|Any CPU.Build.0 = Release|Any CPU
		{A192CE52-9A74-4BC8-9E2B-62E32BC9CF35}.Release|x64.ActiveCfg = Release|Any CPU
		{A192CE52-9A74-4BC8-9E2B-62E32BC9CF35}.Release|x64.Build.0 = Release|Any CPU
		{A192CE52-9A74-4BC8-9E2B-62E32BC9CF35}.Release|x86.ActiveCfg = Release|Any CPU
		{A192CE52-9A74-4BC8-9E2B-62E32BC9CF35}.Release|x86.Build.0 = Release|Any CPU
		{B035414E-0E05-477F-ADC8-BDF3A1D30AD9}.Debug|Any CPU.ActiveCfg = Debug|Any CPU
		{B035414E-0E05-477F-ADC8-BDF3A1D30AD9}.Debug|Any CPU.Build.0 = Debug|Any CPU
		{B035414E-0E05-477F-ADC8-BDF3A1D30AD9}.Debug|x64.ActiveCfg = Debug|Any CPU
		{B035414E-0E05-477F-ADC8-BDF3A1D30AD9}.Debug|x64.Build.0 = Debug|Any CPU
		{B035414E-0E05-477F-ADC8-BDF3A1D30AD9}.Debug|x86.ActiveCfg = Debug|Any CPU
		{B035414E-0E05-477F-ADC8-BDF3A1D30AD9}.Debug|x86.Build.0 = Debug|Any CPU
		{B035414E-0E05-477F-ADC8-BDF3A1D30AD9}.Release|Any CPU.ActiveCfg = Release|Any CPU
		{B035414E-0E05-477F-ADC8-BDF3A1D30AD9}.Release|Any CPU.Build.0 = Release|Any CPU
		{B035414E-0E05-477F-ADC8-BDF3A1D30AD9}.Release|x64.ActiveCfg = Release|Any CPU
		{B035414E-0E05-477F-ADC8-BDF3A1D30AD9}.Release|x64.Build.0 = Release|Any CPU
		{B035414E-0E05-477F-ADC8-BDF3A1D30AD9}.Release|x86.ActiveCfg = Release|Any CPU
		{B035414E-0E05-477F-ADC8-BDF3A1D30AD9}.Release|x86.Build.0 = Release|Any CPU
		{E934F7E7-F040-4310-95FD-85632D883303}.Debug|Any CPU.ActiveCfg = Debug|Any CPU
		{E934F7E7-F040-4310-95FD-85632D883303}.Debug|Any CPU.Build.0 = Debug|Any CPU
		{E934F7E7-F040-4310-95FD-85632D883303}.Debug|x64.ActiveCfg = Debug|Any CPU
		{E934F7E7-F040-4310-95FD-85632D883303}.Debug|x64.Build.0 = Debug|Any CPU
		{E934F7E7-F040-4310-95FD-85632D883303}.Debug|x86.ActiveCfg = Debug|Any CPU
		{E934F7E7-F040-4310-95FD-85632D883303}.Debug|x86.Build.0 = Debug|Any CPU
		{E934F7E7-F040-4310-95FD-85632D883303}.Release|Any CPU.ActiveCfg = Release|Any CPU
		{E934F7E7-F040-4310-95FD-85632D883303}.Release|Any CPU.Build.0 = Release|Any CPU
		{E934F7E7-F040-4310-95FD-85632D883303}.Release|x64.ActiveCfg = Release|Any CPU
		{E934F7E7-F040-4310-95FD-85632D883303}.Release|x64.Build.0 = Release|Any CPU
		{E934F7E7-F040-4310-95FD-85632D883303}.Release|x86.ActiveCfg = Release|Any CPU
		{E934F7E7-F040-4310-95FD-85632D883303}.Release|x86.Build.0 = Release|Any CPU
		{7F4D99C3-1027-44AF-B645-9D90D56A81D0}.Debug|Any CPU.ActiveCfg = Debug|Any CPU
		{7F4D99C3-1027-44AF-B645-9D90D56A81D0}.Debug|Any CPU.Build.0 = Debug|Any CPU
		{7F4D99C3-1027-44AF-B645-9D90D56A81D0}.Debug|x64.ActiveCfg = Debug|Any CPU
		{7F4D99C3-1027-44AF-B645-9D90D56A81D0}.Debug|x64.Build.0 = Debug|Any CPU
		{7F4D99C3-1027-44AF-B645-9D90D56A81D0}.Debug|x86.ActiveCfg = Debug|Any CPU
		{7F4D99C3-1027-44AF-B645-9D90D56A81D0}.Debug|x86.Build.0 = Debug|Any CPU
		{7F4D99C3-1027-44AF-B645-9D90D56A81D0}.Release|Any CPU.ActiveCfg = Release|Any CPU
		{7F4D99C3-1027-44AF-B645-9D90D56A81D0}.Release|Any CPU.Build.0 = Release|Any CPU
		{7F4D99C3-1027-44AF-B645-9D90D56A81D0}.Release|x64.ActiveCfg = Release|Any CPU
		{7F4D99C3-1027-44AF-B645-9D90D56A81D0}.Release|x64.Build.0 = Release|Any CPU
		{7F4D99C3-1027-44AF-B645-9D90D56A81D0}.Release|x86.ActiveCfg = Release|Any CPU
		{7F4D99C3-1027-44AF-B645-9D90D56A81D0}.Release|x86.Build.0 = Release|Any CPU
		{31C2BE55-8F26-4232-86DB-83B64C146E21}.Debug|Any CPU.ActiveCfg = Debug|Any CPU
		{31C2BE55-8F26-4232-86DB-83B64C146E21}.Debug|Any CPU.Build.0 = Debug|Any CPU
		{31C2BE55-8F26-4232-86DB-83B64C146E21}.Debug|x64.ActiveCfg = Debug|Any CPU
		{31C2BE55-8F26-4232-86DB-83B64C146E21}.Debug|x64.Build.0 = Debug|Any CPU
		{31C2BE55-8F26-4232-86DB-83B64C146E21}.Debug|x86.ActiveCfg = Debug|Any CPU
		{31C2BE55-8F26-4232-86DB-83B64C146E21}.Debug|x86.Build.0 = Debug|Any CPU
		{31C2BE55-8F26-4232-86DB-83B64C146E21}.Release|Any CPU.ActiveCfg = Release|Any CPU
		{31C2BE55-8F26-4232-86DB-83B64C146E21}.Release|Any CPU.Build.0 = Release|Any CPU
		{31C2BE55-8F26-4232-86DB-83B64C146E21}.Release|x64.ActiveCfg = Release|Any CPU
		{31C2BE55-8F26-4232-86DB-83B64C146E21}.Release|x64.Build.0 = Release|Any CPU
		{31C2BE55-8F26-4232-86DB-83B64C146E21}.Release|x86.ActiveCfg = Release|Any CPU
		{31C2BE55-8F26-4232-86DB-83B64C146E21}.Release|x86.Build.0 = Release|Any CPU
		{0E9BC5D9-355B-4E47-8EFB-EA2B3D9B1C93}.Debug|Any CPU.ActiveCfg = Debug|Any CPU
		{0E9BC5D9-355B-4E47-8EFB-EA2B3D9B1C93}.Debug|Any CPU.Build.0 = Debug|Any CPU
		{0E9BC5D9-355B-4E47-8EFB-EA2B3D9B1C93}.Debug|x64.ActiveCfg = Debug|Any CPU
		{0E9BC5D9-355B-4E47-8EFB-EA2B3D9B1C93}.Debug|x64.Build.0 = Debug|Any CPU
		{0E9BC5D9-355B-4E47-8EFB-EA2B3D9B1C93}.Debug|x86.ActiveCfg = Debug|Any CPU
		{0E9BC5D9-355B-4E47-8EFB-EA2B3D9B1C93}.Debug|x86.Build.0 = Debug|Any CPU
		{0E9BC5D9-355B-4E47-8EFB-EA2B3D9B1C93}.Release|Any CPU.ActiveCfg = Release|Any CPU
		{0E9BC5D9-355B-4E47-8EFB-EA2B3D9B1C93}.Release|Any CPU.Build.0 = Release|Any CPU
		{0E9BC5D9-355B-4E47-8EFB-EA2B3D9B1C93}.Release|x64.ActiveCfg = Release|Any CPU
		{0E9BC5D9-355B-4E47-8EFB-EA2B3D9B1C93}.Release|x64.Build.0 = Release|Any CPU
		{0E9BC5D9-355B-4E47-8EFB-EA2B3D9B1C93}.Release|x86.ActiveCfg = Release|Any CPU
		{0E9BC5D9-355B-4E47-8EFB-EA2B3D9B1C93}.Release|x86.Build.0 = Release|Any CPU
		{E0DC7A64-A5FC-4D73-87A4-95513F1DE249}.Debug|Any CPU.ActiveCfg = Debug|Any CPU
		{E0DC7A64-A5FC-4D73-87A4-95513F1DE249}.Debug|Any CPU.Build.0 = Debug|Any CPU
		{E0DC7A64-A5FC-4D73-87A4-95513F1DE249}.Debug|x64.ActiveCfg = Debug|Any CPU
		{E0DC7A64-A5FC-4D73-87A4-95513F1DE249}.Debug|x64.Build.0 = Debug|Any CPU
		{E0DC7A64-A5FC-4D73-87A4-95513F1DE249}.Debug|x86.ActiveCfg = Debug|Any CPU
		{E0DC7A64-A5FC-4D73-87A4-95513F1DE249}.Debug|x86.Build.0 = Debug|Any CPU
		{E0DC7A64-A5FC-4D73-87A4-95513F1DE249}.Release|Any CPU.ActiveCfg = Release|Any CPU
		{E0DC7A64-A5FC-4D73-87A4-95513F1DE249}.Release|Any CPU.Build.0 = Release|Any CPU
		{E0DC7A64-A5FC-4D73-87A4-95513F1DE249}.Release|x64.ActiveCfg = Release|Any CPU
		{E0DC7A64-A5FC-4D73-87A4-95513F1DE249}.Release|x64.Build.0 = Release|Any CPU
		{E0DC7A64-A5FC-4D73-87A4-95513F1DE249}.Release|x86.ActiveCfg = Release|Any CPU
		{E0DC7A64-A5FC-4D73-87A4-95513F1DE249}.Release|x86.Build.0 = Release|Any CPU
		{C966AE98-F4EA-4672-8271-B153125CCB9C}.Debug|Any CPU.ActiveCfg = Debug|Any CPU
		{C966AE98-F4EA-4672-8271-B153125CCB9C}.Debug|Any CPU.Build.0 = Debug|Any CPU
		{C966AE98-F4EA-4672-8271-B153125CCB9C}.Debug|x64.ActiveCfg = Debug|Any CPU
		{C966AE98-F4EA-4672-8271-B153125CCB9C}.Debug|x64.Build.0 = Debug|Any CPU
		{C966AE98-F4EA-4672-8271-B153125CCB9C}.Debug|x86.ActiveCfg = Debug|Any CPU
		{C966AE98-F4EA-4672-8271-B153125CCB9C}.Debug|x86.Build.0 = Debug|Any CPU
		{C966AE98-F4EA-4672-8271-B153125CCB9C}.Release|Any CPU.ActiveCfg = Release|Any CPU
		{C966AE98-F4EA-4672-8271-B153125CCB9C}.Release|Any CPU.Build.0 = Release|Any CPU
		{C966AE98-F4EA-4672-8271-B153125CCB9C}.Release|x64.ActiveCfg = Release|Any CPU
		{C966AE98-F4EA-4672-8271-B153125CCB9C}.Release|x64.Build.0 = Release|Any CPU
		{C966AE98-F4EA-4672-8271-B153125CCB9C}.Release|x86.ActiveCfg = Release|Any CPU
		{C966AE98-F4EA-4672-8271-B153125CCB9C}.Release|x86.Build.0 = Release|Any CPU
		{9033A211-118B-46DC-A1F9-112487C2ACF7}.Debug|Any CPU.ActiveCfg = Debug|Any CPU
		{9033A211-118B-46DC-A1F9-112487C2ACF7}.Debug|Any CPU.Build.0 = Debug|Any CPU
		{9033A211-118B-46DC-A1F9-112487C2ACF7}.Debug|x64.ActiveCfg = Debug|Any CPU
		{9033A211-118B-46DC-A1F9-112487C2ACF7}.Debug|x64.Build.0 = Debug|Any CPU
		{9033A211-118B-46DC-A1F9-112487C2ACF7}.Debug|x86.ActiveCfg = Debug|Any CPU
		{9033A211-118B-46DC-A1F9-112487C2ACF7}.Debug|x86.Build.0 = Debug|Any CPU
		{9033A211-118B-46DC-A1F9-112487C2ACF7}.Release|Any CPU.ActiveCfg = Release|Any CPU
		{9033A211-118B-46DC-A1F9-112487C2ACF7}.Release|Any CPU.Build.0 = Release|Any CPU
		{9033A211-118B-46DC-A1F9-112487C2ACF7}.Release|x64.ActiveCfg = Release|Any CPU
		{9033A211-118B-46DC-A1F9-112487C2ACF7}.Release|x64.Build.0 = Release|Any CPU
		{9033A211-118B-46DC-A1F9-112487C2ACF7}.Release|x86.ActiveCfg = Release|Any CPU
		{9033A211-118B-46DC-A1F9-112487C2ACF7}.Release|x86.Build.0 = Release|Any CPU
		{8354B679-19C5-4FF7-A65E-6BE675B616AE}.Debug|Any CPU.ActiveCfg = Debug|Any CPU
		{8354B679-19C5-4FF7-A65E-6BE675B616AE}.Debug|Any CPU.Build.0 = Debug|Any CPU
		{8354B679-19C5-4FF7-A65E-6BE675B616AE}.Debug|x64.ActiveCfg = Debug|Any CPU
		{8354B679-19C5-4FF7-A65E-6BE675B616AE}.Debug|x64.Build.0 = Debug|Any CPU
		{8354B679-19C5-4FF7-A65E-6BE675B616AE}.Debug|x86.ActiveCfg = Debug|Any CPU
		{8354B679-19C5-4FF7-A65E-6BE675B616AE}.Debug|x86.Build.0 = Debug|Any CPU
		{8354B679-19C5-4FF7-A65E-6BE675B616AE}.Release|Any CPU.ActiveCfg = Release|Any CPU
		{8354B679-19C5-4FF7-A65E-6BE675B616AE}.Release|Any CPU.Build.0 = Release|Any CPU
		{8354B679-19C5-4FF7-A65E-6BE675B616AE}.Release|x64.ActiveCfg = Release|Any CPU
		{8354B679-19C5-4FF7-A65E-6BE675B616AE}.Release|x64.Build.0 = Release|Any CPU
		{8354B679-19C5-4FF7-A65E-6BE675B616AE}.Release|x86.ActiveCfg = Release|Any CPU
		{8354B679-19C5-4FF7-A65E-6BE675B616AE}.Release|x86.Build.0 = Release|Any CPU
	EndGlobalSection
	GlobalSection(SolutionProperties) = preSolution
		HideSolutionNode = FALSE
	EndGlobalSection
	GlobalSection(NestedProjects) = preSolution
		{3F232A0E-CB15-4DDC-B1C5-BD4C0DCBC5C2} = {C64E5724-C172-4F91-BE6D-0B2FFA77367A}
		{9743A082-E4F0-44D1-8080-96155C300258} = {C64E5724-C172-4F91-BE6D-0B2FFA77367A}
		{DB520433-9927-47F7-91B0-E54CD1B9B90B} = {26A87A50-E97F-469A-B122-1712A2774B9E}
		{7F97ABDC-1C8C-479A-985C-C30A73194D16} = {C64E5724-C172-4F91-BE6D-0B2FFA77367A}
		{BDC3264D-6BB1-448E-9B1C-73500084D840} = {26A87A50-E97F-469A-B122-1712A2774B9E}
		{A192CE52-9A74-4BC8-9E2B-62E32BC9CF35} = {C64E5724-C172-4F91-BE6D-0B2FFA77367A}
		{B035414E-0E05-477F-ADC8-BDF3A1D30AD9} = {C64E5724-C172-4F91-BE6D-0B2FFA77367A}
		{E934F7E7-F040-4310-95FD-85632D883303} = {C64E5724-C172-4F91-BE6D-0B2FFA77367A}
		{0E9BC5D9-355B-4E47-8EFB-EA2B3D9B1C93} = {C64E5724-C172-4F91-BE6D-0B2FFA77367A}
		{C966AE98-F4EA-4672-8271-B153125CCB9C} = {C64E5724-C172-4F91-BE6D-0B2FFA77367A}
		{9033A211-118B-46DC-A1F9-112487C2ACF7} = {26A87A50-E97F-469A-B122-1712A2774B9E}
	EndGlobalSection
	GlobalSection(ExtensibilityGlobals) = postSolution
		SolutionGuid = {2C46E902-D497-4A2A-B937-DED06528BE36}
	EndGlobalSection
EndGlobal
